
Microsoft Visual Studio Solution File, Format Version 12.00
# Visual Studio Version 16
VisualStudioVersion = 16.0.30002.166
MinimumVisualStudioVersion = 10.0.40219.1
Project("{FAE04EC0-301F-11D3-BF4B-00C04F79EFBC}") = "RBIntegracao.Domain", "RBIntegracao.Domain\RBIntegracao.Domain.csproj", "{560EBFA9-6C32-450A-9F06-C7D0F68AC19D}"
EndProject
Project("{FAE04EC0-301F-11D3-BF4B-00C04F79EFBC}") = "RBIntegracao.Infra", "RBIntegracao.Infra\RBIntegracao.Infra.csproj", "{A0D63450-F314-4F4C-B315-5AD92EF7E907}"
EndProject
Project("{FAE04EC0-301F-11D3-BF4B-00C04F79EFBC}") = "RBIntegracao.WebApi", "RBIntegracao.WebApi\RBIntegracao.WebApi.csproj", "{D5F7E459-2B97-4FD4-95B8-012BB8A26326}"
EndProject
Global
	GlobalSection(SolutionConfigurationPlatforms) = preSolution
		Debug|Any CPU = Debug|Any CPU
		Release|Any CPU = Release|Any CPU
	EndGlobalSection
	GlobalSection(ProjectConfigurationPlatforms) = postSolution
		{560EBFA9-6C32-450A-9F06-C7D0F68AC19D}.Debug|Any CPU.ActiveCfg = Debug|Any CPU
		{560EBFA9-6C32-450A-9F06-C7D0F68AC19D}.Debug|Any CPU.Build.0 = Debug|Any CPU
		{560EBFA9-6C32-450A-9F06-C7D0F68AC19D}.Release|Any CPU.ActiveCfg = Release|Any CPU
		{560EBFA9-6C32-450A-9F06-C7D0F68AC19D}.Release|Any CPU.Build.0 = Release|Any CPU
		{A0D63450-F314-4F4C-B315-5AD92EF7E907}.Debug|Any CPU.ActiveCfg = Debug|Any CPU
		{A0D63450-F314-4F4C-B315-5AD92EF7E907}.Debug|Any CPU.Build.0 = Debug|Any CPU
		{A0D63450-F314-4F4C-B315-5AD92EF7E907}.Release|Any CPU.ActiveCfg = Release|Any CPU
		{A0D63450-F314-4F4C-B315-5AD92EF7E907}.Release|Any CPU.Build.0 = Release|Any CPU
		{D5F7E459-2B97-4FD4-95B8-012BB8A26326}.Debug|Any CPU.ActiveCfg = Debug|Any CPU
		{D5F7E459-2B97-4FD4-95B8-012BB8A26326}.Debug|Any CPU.Build.0 = Debug|Any CPU
		{D5F7E459-2B97-4FD4-95B8-012BB8A26326}.Release|Any CPU.ActiveCfg = Release|Any CPU
		{D5F7E459-2B97-4FD4-95B8-012BB8A26326}.Release|Any CPU.Build.0 = Release|Any CPU
	EndGlobalSection
	GlobalSection(SolutionProperties) = preSolution
		HideSolutionNode = FALSE
	EndGlobalSection
	GlobalSection(ExtensibilityGlobals) = postSolution
		SolutionGuid = {3E1B6F1B-FDA0-45FF-9AB2-7EF7880029D6}
	EndGlobalSection
EndGlobal
